Microsoft Visual Studio Solution File, Format Version 12.00
# Visual Studio Version 17
VisualStudioVersion = 17.5.2.0
MinimumVisualStudioVersion = 10.0.40219.1
Project("{FAE04EC0-301F-11D3-BF4B-00C04F79EFBC}") = "PasswordDepth.ConsoleApp", "PasswordDepth.ConsoleApp\PasswordDepth.ConsoleApp.csproj", "{100F8644-CB6F-D6BE-AC3D-9779055E5A39}"
EndProject
Global
	GlobalSection(SolutionConfigurationPlatforms) = preSolution
		Debug|Any CPU = Debug|Any CPU
		Release|Any CPU = Release|Any CPU
	EndGlobalSection
	GlobalSection(ProjectConfigurationPlatforms) = postSolution
		{100F8644-CB6F-D6BE-AC3D-9779055E5A39}.Debug|Any CPU.ActiveCfg = Debug|Any CPU
		{100F8644-CB6F-D6BE-AC3D-9779055E5A39}.Debug|Any CPU.Build.0 = Debug|Any CPU
		{100F8644-CB6F-D6BE-AC3D-9779055E5A39}.Release|Any CPU.ActiveCfg = Release|Any CPU
		{100F8644-CB6F-D6BE-AC3D-9779055E5A39}.Release|Any CPU.Build.0 = Release|Any CPU
	EndGlobalSection
	GlobalSection(SolutionProperties) = preSolution
		HideSolutionNode = FALSE
	EndGlobalSection
	GlobalSection(ExtensibilityGlobals) = postSolution
		SolutionGuid = {05E47F11-8C17-4B59-B52D-837682CB4445}
	EndGlobalSection
EndGlobal
